
Microsoft Visual Studio Solution File, Format Version 12.00
# Visual Studio Version 17
VisualStudioVersion = 17.7.34024.191
MinimumVisualStudioVersion = 10.0.40219.1
Project("{FAE04EC0-301F-11D3-BF4B-00C04F79EFBC}") = "tcpServer", "tcpServer\tcpServer.csproj", "{F00EE135-46EC-4A56-BB3F-40749B880555}"
EndProject
Global
	GlobalSection(SolutionConfigurationPlatforms) = preSolution
		Debug|Any CPU = Debug|Any CPU
		Release|Any CPU = Release|Any CPU
	EndGlobalSection
	GlobalSection(ProjectConfigurationPlatforms) = postSolution
		{F00EE135-46EC-4A56-BB3F-40749B880555}.Debug|Any CPU.ActiveCfg = Debug|Any CPU
		{F00EE135-46EC-4A56-BB3F-40749B880555}.Debug|Any CPU.Build.0 = Debug|Any CPU
		{F00EE135-46EC-4A56-BB3F-40749B880555}.Release|Any CPU.ActiveCfg = Release|Any CPU
		{F00EE135-46EC-4A56-BB3F-40749B880555}.Release|Any CPU.Build.0 = Release|Any CPU
	EndGlobalSection
	GlobalSection(SolutionProperties) = preSolution
		HideSolutionNode = FALSE
	EndGlobalSection
	GlobalSection(ExtensibilityGlobals) = postSolution
		SolutionGuid = {DE967191-B087-4C5E-9E80-A120D2A10C09}
	EndGlobalSection
EndGlobal
